// !$*UTF8*$!
{
	archiveVersion = 1;
	classes = {
	};
	objectVersion = 51;
	objects = {

/* Begin PBXBuildFile section */
		186FE7C42408ADD500858128 /* CommentCell.swift in Sources */ = {isa = PBXBuildFile; fileRef = 186FE7C32408ADD500858128 /* CommentCell.swift */; };
		18D4609323FF715F00C463EC /* AppDelegate.swift in Sources */ = {isa = PBXBuildFile; fileRef = 18D4609223FF715F00C463EC /* AppDelegate.swift */; };
		18D4609523FF715F00C463EC /* SceneDelegate.swift in Sources */ = {isa = PBXBuildFile; fileRef = 18D4609423FF715F00C463EC /* SceneDelegate.swift */; };
		18D4609A23FF715F00C463EC /* Main.storyboard in Resources */ = {isa = PBXBuildFile; fileRef = 18D4609823FF715F00C463EC /* Main.storyboard */; };
		18D4609C23FF716000C463EC /* Assets.xcassets in Resources */ = {isa = PBXBuildFile; fileRef = 18D4609B23FF716000C463EC /* Assets.xcassets */; };
		18D4609F23FF716000C463EC /* LaunchScreen.storyboard in Resources */ = {isa = PBXBuildFile; fileRef = 18D4609D23FF716000C463EC /* LaunchScreen.storyboard */; };
		18EEAEE623FF767D00A6DB40 /* LoginViewController.swift in Sources */ = {isa = PBXBuildFile; fileRef = 18EEAEE523FF767D00A6DB40 /* LoginViewController.swift */; };
		18EEAEE823FF768500A6DB40 /* FeedViewController.swift in Sources */ = {isa = PBXBuildFile; fileRef = 18EEAEE723FF768500A6DB40 /* FeedViewController.swift */; };
		18EEAEEA23FF7C3D00A6DB40 /* CameraViewController.swift in Sources */ = {isa = PBXBuildFile; fileRef = 18EEAEE923FF7C3D00A6DB40 /* CameraViewController.swift */; };
		18EEAEEC24026E6400A6DB40 /* PostCell.swift in Sources */ = {isa = PBXBuildFile; fileRef = 18EEAEEB24026E6400A6DB40 /* PostCell.swift */; };
		7946F261F374F3538429D8D5 /* Pods_Parstagram.framework in Frameworks */ = {isa = PBXBuildFile; fileRef = 6A9C6509324E2580F43552B6 /* Pods_Parstagram.framework */; };
/* End PBXBuildFile section */

/* Begin PBXFileReference section */
		186FE7C32408ADD500858128 /* CommentCell.swift */ = {isa = PBXFileReference; lastKnownFileType = sourcecode.swift; path = CommentCell.swift; sourceTree = "<group>"; };
		18D4608F23FF715F00C463EC /* Parstagram.app */ = {isa = PBXFileReference; explicitFileType = wrapper.application; includeInIndex = 0; path = Parstagram.app; sourceTree = BUILT_PRODUCTS_DIR; };
		18D4609223FF715F00C463EC /* AppDelegate.swift */ = {isa = PBXFileReference; lastKnownFileType = sourcecode.swift; path = AppDelegate.swift; sourceTree = "<group>"; };
		18D4609423FF715F00C463EC /* SceneDelegate.swift */ = {isa = PBXFileReference; lastKnownFileType = sourcecode.swift; path = SceneDelegate.swift; sourceTree = "<group>"; };
		18D4609923FF715F00C463EC /* Base */ = {isa = PBXFileReference; lastKnownFileType = file.storyboard; name = Base; path = Base.lproj/Main.storyboard; sourceTree = "<group>"; };
		18D4609B23FF716000C463EC /* Assets.xcassets */ = {isa = PBXFileReference; lastKnownFileType = folder.assetcatalog; path = Assets.xcassets; sourceTree = "<group>"; };
		18D4609E23FF716000C463EC /* Base */ = {isa = PBXFileReference; lastKnownFileType = file.storyboard; name = Base; path = Base.lproj/LaunchScreen.storyboard; sourceTree = "<group>"; };
		18D460A023FF716000C463EC /* Info.plist */ = {isa = PBXFileReference; lastKnownFileType = text.plist.xml; path = Info.plist; sourceTree = "<group>"; };
		18EEAEE523FF767D00A6DB40 /* LoginViewController.swift */ = {isa = PBXFileReference; lastKnownFileType = sourcecode.swift; path = LoginViewController.swift; sourceTree = "<group>"; };
		18EEAEE723FF768500A6DB40 /* FeedViewController.swift */ = {isa = PBXFileReference; lastKnownFileType = sourcecode.swift; path = FeedViewController.swift; sourceTree = "<group>"; };
		18EEAEE923FF7C3D00A6DB40 /* CameraViewController.swift */ = {isa = PBXFileReference; lastKnownFileType = sourcecode.swift; path = CameraViewController.swift; sourceTree = "<group>"; };
		18EEAEEB24026E6400A6DB40 /* PostCell.swift */ = {isa = PBXFileReference; lastKnownFileType = sourcecode.swift; path = PostCell.swift; sourceTree = "<group>"; };
		4B77582B5B832B53CD3708FA /* Pods-Parstagram.release.xcconfig */ = {isa = PBXFileReference; includeInIndex = 1; lastKnownFileType = text.xcconfig; name = "Pods-Parstagram.release.xcconfig"; path = "Target Support Files/Pods-Parstagram/Pods-Parstagram.release.xcconfig"; sourceTree = "<group>"; };
		6A9C6509324E2580F43552B6 /* Pods_Parstagram.framework */ = {isa = PBXFileReference; explicitFileType = wrapper.framework; includeInIndex = 0; path = Pods_Parstagram.framework; sourceTree = BUILT_PRODUCTS_DIR; };
		8347D5FD4223021F84499A53 /* Pods-Parstagram.debug.xcconfig */ = {isa = PBXFileReference; includeInIndex = 1; lastKnownFileType = text.xcconfig; name = "Pods-Parstagram.debug.xcconfig"; path = "Target Support Files/Pods-Parstagram/Pods-Parstagram.debug.xcconfig"; sourceTree = "<group>"; };
/* End PBXFileReference section */

/* Begin PBXFrameworksBuildPhase section */
		18D4608C23FF715F00C463EC /* Frameworks */ = {
			isa = PBXFrameworksBuildPhase;
			buildActionMask = 2147483647;
			files = (
				7946F261F374F3538429D8D5 /* Pods_Parstagram.framework in Frameworks */,
			);
			runOnlyForDeploymentPostprocessing = 0;
		};
/* End PBXFrameworksBuildPhase section */

/* Begin PBXGroup section */
		18D4608623FF715F00C463EC = {
			isa = PBXGroup;
			children = (
				18D4609123FF715F00C463EC /* Parstagram */,
				18D4609023FF715F00C463EC /* Products */,
				CB4652DDE49779FEF5547995 /* Pods */,
				2294784F2D86BA34EA20E25C /* Frameworks */,
			);
			sourceTree = "<group>";
		};
		18D4609023FF715F00C463EC /* Products */ = {
			isa = PBXGroup;
			children = (
				18D4608F23FF715F00C463EC /* Parstagram.app */,
			);
			name = Products;
			sourceTree = "<group>";
		};
		18D4609123FF715F00C463EC /* Parstagram */ = {
			isa = PBXGroup;
			children = (
				18D4609223FF715F00C463EC /* AppDelegate.swift */,
				18D4609423FF715F00C463EC /* SceneDelegate.swift */,
				18D4609823FF715F00C463EC /* Main.storyboard */,
				186FE7C32408ADD500858128 /* CommentCell.swift */,
				18EEAEEB24026E6400A6DB40 /* PostCell.swift */,
				18EEAEE923FF7C3D00A6DB40 /* CameraViewController.swift */,
				18EEAEE523FF767D00A6DB40 /* LoginViewController.swift */,
				18EEAEE723FF768500A6DB40 /* FeedViewController.swift */,
				18D4609B23FF716000C463EC /* Assets.xcassets */,
				18D4609D23FF716000C463EC /* LaunchScreen.storyboard */,
				18D460A023FF716000C463EC /* Info.plist */,
			);
			path = Parstagram;
			sourceTree = "<group>";
		};
		2294784F2D86BA34EA20E25C /* Frameworks */ = {
			isa = PBXGroup;
			children = (
				6A9C6509324E2580F43552B6 /* Pods_Parstagram.framework */,
			);
			name = Frameworks;
			sourceTree = "<group>";
		};
		CB4652DDE49779FEF5547995 /* Pods */ = {
			isa = PBXGroup;
			children = (
				8347D5FD4223021F84499A53 /* Pods-Parstagram.debug.xcconfig */,
				4B77582B5B832B53CD3708FA /* Pods-Parstagram.release.xcconfig */,
			);
			path = Pods;
			sourceTree = "<group>";
		};
/* End PBXGroup section */

/* Begin PBXNativeTarget section */
		18D4608E23FF715F00C463EC /* Parstagram */ = {
			isa = PBXNativeTarget;
			buildConfigurationList = 18D460A323FF716000C463EC /* Build configuration list for PBXNativeTarget "Parstagram" */;
			buildPhases = (
				296F72AD6556BB9B614C41DC /* [CP] Check Pods Manifest.lock */,
				18D4608B23FF715F00C463EC /* Sources */,
				18D4608C23FF715F00C463EC /* Frameworks */,
				18D4608D23FF715F00C463EC /* Resources */,
				2D510795B8D2C3998C4B1A03 /* [CP] Embed Pods Frameworks */,
			);
			buildRules = (
			);
			dependencies = (
			);
			name = Parstagram;
			productName = Parstagram;
			productReference = 18D4608F23FF715F00C463EC /* Parstagram.app */;
			productType = "com.apple.product-type.application";
		};
/* End PBXNativeTarget section */

/* Begin PBXProject section */
		18D4608723FF715F00C463EC /* Project object */ = {
			isa = PBXProject;
			attributes = {
				LastSwiftUpdateCheck = 1130;
				LastUpgradeCheck = 1130;
				ORGANIZATIONNAME = "Brandon Liu";
				TargetAttributes = {
					18D4608E23FF715F00C463EC = {
						CreatedOnToolsVersion = 11.3.1;
					};
				};
			};
			buildConfigurationList = 18D4608A23FF715F00C463EC /* Build configuration list for PBXProject "Parstagram" */;
			compatibilityVersion = "Xcode 9.3";
			developmentRegion = en;
			hasScannedForEncodings = 0;
			knownRegions = (
				en,
				Base,
			);
			mainGroup = 18D4608623FF715F00C463EC;
			productRefGroup = 18D4609023FF715F00C463EC /* Products */;
			projectDirPath = "";
			projectRoot = "";
			targets = (
				18D4608E23FF715F00C463EC /* Parstagram */,
			);
		};
/* End PBXProject section */

/* Begin PBXResourcesBuildPhase section */
		18D4608D23FF715F00C463EC /* Resources */ = {
			isa = PBXResourcesBuildPhase;
			buildActionMask = 2147483647;
			files = (
				18D4609F23FF716000C463EC /* LaunchScreen.storyboard in Resources */,
				18D4609C23FF716000C463EC /* Assets.xcassets in Resources */,
				18D4609A23FF715F00C463EC /* Main.storyboard in Resources */,
			);
			runOnlyForDeploymentPostprocessing = 0;
		};
/* End PBXResourcesBuildPhase section */

/* Begin PBXShellScriptBuildPhase section */
		296F72AD6556BB9B614C41DC /* [CP] Check Pods Manifest.lock */ = {
			isa = PBXShellScriptBuildPhase;
			buildActionMask = 2147483647;
			files = (
			);
			inputFileListPaths = (
			);
			inputPaths = (
				"${PODS_PODFILE_DIR_PATH}/Podfile.lock",
				"${PODS_ROOT}/Manifest.lock",
			);
			name = "[CP] Check Pods Manifest.lock";
			outputFileListPaths = (
			);
			outputPaths = (
				"$(DERIVED_FILE_DIR)/Pods-Parstagram-checkManifestLockResult.txt",
			);
			runOnlyForDeploymentPostprocessing = 0;
			shellPath = /bin/sh;
			shellScript = "diff \"${PODS_PODFILE_DIR_PATH}/Podfile.lock\" \"${PODS_ROOT}/Manifest.lock\" > /dev/null\nif [ $? != 0 ] ; then\n    # print error to STDERR\n    echo \"error: The sandbox is not in sync with the Podfile.lock. Run 'pod install' or update your CocoaPods installation.\" >&2\n    exit 1\nfi\n# This output is used by Xcode 'outputs' to avoid re-running this script phase.\necho \"SUCCESS\" > \"${SCRIPT_OUTPUT_FILE_0}\"\n";
			showEnvVarsInLog = 0;
		};
		2D510795B8D2C3998C4B1A03 /* [CP] Embed Pods Frameworks */ = {
			isa = PBXShellScriptBuildPhase;
			buildActionMask = 2147483647;
			files = (
			);
			inputFileListPaths = (
				"${PODS_ROOT}/Target Support Files/Pods-Parstagram/Pods-Parstagram-frameworks-${CONFIGURATION}-input-files.xcfilelist",
			);
			name = "[CP] Embed Pods Frameworks";
			outputFileListPaths = (
				"${PODS_ROOT}/Target Support Files/Pods-Parstagram/Pods-Parstagram-frameworks-${CONFIGURATION}-output-files.xcfilelist",
			);
			runOnlyForDeploymentPostprocessing = 0;
			shellPath = /bin/sh;
			shellScript = "\"${PODS_ROOT}/Target Support Files/Pods-Parstagram/Pods-Parstagram-frameworks.sh\"\n";
			showEnvVarsInLog = 0;
		};
/* End PBXShellScriptBuildPhase section */

/* Begin PBXSourcesBuildPhase section */
		18D4608B23FF715F00C463EC /* Sources */ = {
			isa = PBXSourcesBuildPhase;
			buildActionMask = 2147483647;
			files = (
				18EEAEE623FF767D00A6DB40 /* LoginViewController.swift in Sources */,
				18EEAEEA23FF7C3D00A6DB40 /* CameraViewController.swift in Sources */,
				18D4609323FF715F00C463EC /* AppDelegate.swift in Sources */,
				18EEAEE823FF768500A6DB40 /* FeedViewController.swift in Sources */,
				18D4609523FF715F00C463EC /* SceneDelegate.swift in Sources */,
				18EEAEEC24026E6400A6DB40 /* PostCell.swift in Sources */,
				186FE7C42408ADD500858128 /* CommentCell.swift in Sources */,
			);
			runOnlyForDeploymentPostprocessing = 0;
		};
/* End PBXSourcesBuildPhase section */

/* Begin PBXVariantGroup section */
		18D4609823FF715F00C463EC /* Main.storyboard */ = {
			isa = PBXVariantGroup;
			children = (
				18D4609923FF715F00C463EC /* Base */,
			);
			name = Main.storyboard;
			sourceTree = "<group>";
		};
		18D4609D23FF716000C463EC /* LaunchScreen.storyboard */ = {
			isa = PBXVariantGroup;
			children = (
				18D4609E23FF716000C463EC /* Base */,
			);
			name = LaunchScreen.storyboard;
			sourceTree = "<group>";
		};
/* End PBXVariantGroup section */

/* Begin XCBuildConfiguration section */
		18D460A123FF716000C463EC /* Debug */ = {
			isa = XCBuildConfiguration;
			buildSettings = {
				ALWAYS_SEARCH_USER_PATHS = NO;
				CLANG_ANALYZER_NONNULL = YES;
				CLANG_ANALYZER_NUMBER_OBJECT_CONVERSION = YES_AGGRESSIVE;
				CLANG_CXX_LANGUAGE_STANDARD = "gnu++14";
				CLANG_CXX_LIBRARY = "libc++";
				CLANG_ENABLE_MODULES = YES;
				CLANG_ENABLE_OBJC_ARC = YES;
				CLANG_ENABLE_OBJC_WEAK = YES;
				CLANG_WARN_BLOCK_CAPTURE_AUTORELEASING = YES;
				CLANG_WARN_BOOL_CONVERSION = YES;
				CLANG_WARN_COMMA = YES;
				CLANG_WARN_CONSTANT_CONVERSION = YES;
				CLANG_WARN_DEPRECATED_OBJC_IMPLEMENTATIONS = YES;
				CLANG_WARN_DIRECT_OBJC_ISA_USAGE = YES_ERROR;
				CLANG_WARN_DOCUMENTATION_COMMENTS = YES;
				CLANG_WARN_EMPTY_BODY = YES;
				CLANG_WARN_ENUM_CONVERSION = YES;
				CLANG_WARN_INFINITE_RECURSION = YES;
				CLANG_WARN_INT_CONVERSION = YES;
				CLANG_WARN_NON_LITERAL_NULL_CONVERSION = YES;
				CLANG_WARN_OBJC_IMPLICIT_RETAIN_SELF = YES;
				CLANG_WARN_OBJC_LITERAL_CONVERSION = YES;
				CLANG_WARN_OBJC_ROOT_CLASS = YES_ERROR;
				CLANG_WARN_RANGE_LOOP_ANALYSIS = YES;
				CLANG_WARN_STRICT_PROTOTYPES = YES;
				CLANG_WARN_SUSPICIOUS_MOVE = YES;
				CLANG_WARN_UNGUARDED_AVAILABILITY = YES_AGGRESSIVE;
				CLANG_WARN_UNREACHABLE_CODE = YES;
				CLANG_WARN__DUPLICATE_METHOD_MATCH = YES;
				COPY_PHASE_STRIP = NO;
				DEBUG_INFORMATION_FORMAT = dwarf;
				ENABLE_STRICT_OBJC_MSGSEND = YES;
				ENABLE_TESTABILITY = YES;
				GCC_C_LANGUAGE_STANDARD = gnu11;
				GCC_DYNAMIC_NO_PIC = NO;
				GCC_NO_COMMON_BLOCKS = YES;
				GCC_OPTIMIZATION_LEVEL = 0;
				GCC_PREPROCESSOR_DEFINITIONS = (
					"DEBUG=1",
					"$(inherited)",
				);
				GCC_WARN_64_TO_32_BIT_CONVERSION = YES;
				GCC_WARN_ABOUT_RETURN_TYPE = YES_ERROR;
				GCC_WARN_UNDECLARED_SELECTOR = YES;
				GCC_WARN_UNINITIALIZED_AUTOS = YES_AGGRESSIVE;
				GCC_WARN_UNUSED_FUNCTION = YES;
				GCC_WARN_UNUSED_VARIABLE = YES;
				IPHONEOS_DEPLOYMENT_TARGET = 13.2;
				MTL_ENABLE_DEBUG_INFO = INCLUDE_SOURCE;
				MTL_FAST_MATH = YES;
				ONLY_ACTIVE_ARCH = YES;
				SDKROOT = iphoneos;
				SWIFT_ACTIVE_COMPILATION_CONDITIONS = DEBUG;
				SWIFT_OPTIMIZATION_LEVEL = "-Onone";
			};
			name = Debug;
		};
		18D460A223FF716000C463EC /* Release */ = {
			isa = XCBuildConfiguration;
			buildSettings = {
				ALWAYS_SEARCH_USER_PATHS = NO;
				CLANG_ANALYZER_NONNULL = YES;
				CLANG_ANALYZER_NUMBER_OBJECT_CONVERSION = YES_AGGRESSIVE;
				CLANG_CXX_LANGUAGE_STANDARD = "gnu++14";
				CLANG_CXX_LIBRARY = "libc++";
				CLANG_ENABLE_MODULES = YES;
				CLANG_ENABLE_OBJC_ARC = YES;
				CLANG_ENABLE_OBJC_WEAK = YES;
				CLANG_WARN_BLOCK_CAPTURE_AUTORELEASING = YES;
				CLANG_WARN_BOOL_CONVERSION = YES;
				CLANG_WARN_COMMA = YES;
				CLANG_WARN_CONSTANT_CONVERSION = YES;
				CLANG_WARN_DEPRECATED_OBJC_IMPLEMENTATIONS = YES;
				CLANG_WARN_DIRECT_OBJC_ISA_USAGE = YES_ERROR;
				CLANG_WARN_DOCUMENTATION_COMMENTS = YES;
				CLANG_WARN_EMPTY_BODY = YES;
				CLANG_WARN_ENUM_CONVERSION = YES;
				CLANG_WARN_INFINITE_RECURSION = YES;
				CLANG_WARN_INT_CONVERSION = YES;
				CLANG_WARN_NON_LITERAL_NULL_CONVERSION = YES;
				CLANG_WARN_OBJC_IMPLICIT_RETAIN_SELF = YES;
				CLANG_WARN_OBJC_LITERAL_CONVERSION = YES;
				CLANG_WARN_OBJC_ROOT_CLASS = YES_ERROR;
				CLANG_WARN_RANGE_LOOP_ANALYSIS = YES;
				CLANG_WARN_STRICT_PROTOTYPES = YES;
				CLANG_WARN_SUSPICIOUS_MOVE = YES;
				CLANG_WARN_UNGUARDED_AVAILABILITY = YES_AGGRESSIVE;
				CLANG_WARN_UNREACHABLE_CODE = YES;
				CLANG_WARN__DUPLICATE_METHOD_MATCH = YES;
				COPY_PHASE_STRIP = NO;
				DEBUG_INFORMATION_FORMAT = "dwarf-with-dsym";
				ENABLE_NS_ASSERTIONS = NO;
				ENABLE_STRICT_OBJC_MSGSEND = YES;
				GCC_C_LANGUAGE_STANDARD = gnu11;
				GCC_NO_COMMON_BLOCKS = YES;
				GCC_WARN_64_TO_32_BIT_CONVERSION = YES;
				GCC_WARN_ABOUT_RETURN_TYPE = YES_ERROR;
				GCC_WARN_UNDECLARED_SELECTOR = YES;
				GCC_WARN_UNINITIALIZED_AUTOS = YES_AGGRESSIVE;
				GCC_WARN_UNUSED_FUNCTION = YES;
				GCC_WARN_UNUSED_VARIABLE = YES;
				IPHONEOS_DEPLOYMENT_TARGET = 13.2;
				MTL_ENABLE_DEBUG_INFO = NO;
				MTL_FAST_MATH = YES;
				SDKROOT = iphoneos;
				SWIFT_COMPILATION_MODE = wholemodule;
				SWIFT_OPTIMIZATION_LEVEL = "-O";
				VALIDATE_PRODUCT = YES;
			};
			name = Release;
		};
		18D460A423FF716000C463EC /* Debug */ = {
			isa = XCBuildConfiguration;
			baseConfigurationReference = 8347D5FD4223021F84499A53 /* Pods-Parstagram.debug.xcconfig */;
			buildSettings = {
				ASSETCATALOG_COMPILER_APPICON_NAME = AppIcon;
				CODE_SIGN_STYLE = Automatic;
				INFOPLIST_FILE = Parstagram/Info.plist;
				LD_RUNPATH_SEARCH_PATHS = (
					"$(inherited)",
					"@executable_path/Frameworks",
				);
				PRODUCT_BUNDLE_IDENTIFIER = com.BrandonLiu.Parstagram;
				PRODUCT_NAME = "$(TARGET_NAME)";
				SWIFT_VERSION = 5.0;
				TARGETED_DEVICE_FAMILY = "1,2";
			};
			name = Debug;
		};
		18D460A523FF716000C463EC /* Release */ = {
			isa = XCBuildConfiguration;
			baseConfigurationReference = 4B77582B5B832B53CD3708FA /* Pods-Parstagram.release.xcconfig */;
			buildSettings = {
				ASSETCATALOG_COMPILER_APPICON_NAME = AppIcon;
				CODE_SIGN_STYLE = Automatic;
				INFOPLIST_FILE = Parstagram/Info.plist;
				LD_RUNPATH_SEARCH_PATHS = (
					"$(inherited)",
					"@executable_path/Frameworks",
				);
				PRODUCT_BUNDLE_IDENTIFIER = com.BrandonLiu.Parstagram;
				PRODUCT_NAME = "$(TARGET_NAME)";
				SWIFT_VERSION = 5.0;
				TARGETED_DEVICE_FAMILY = "1,2";
			};
			name = Release;
		};
/* End XCBuildConfiguration section */

/* Begin XCConfigurationList section */
		18D4608A23FF715F00C463EC /* Build configuration list for PBXProject "Parstagram" */ = {
			isa = XCConfigurationList;
			buildConfigurations = (
				18D460A123FF716000C463EC /* Debug */,
				18D460A223FF716000C463EC /* Release */,
			);
			defaultConfigurationIsVisible = 0;
			defaultConfigurationName = Release;
		};
		18D460A323FF716000C463EC /* Build configuration list for PBXNativeTarget "Parstagram" */ = {
			isa = XCConfigurationList;
			buildConfigurations = (
				18D460A423FF716000C463EC /* Debug */,
				18D460A523FF716000C463EC /* Release */,
			);
			defaultConfigurationIsVisible = 0;
			defaultConfigurationName = Release;
		};
/* End XCConfigurationList section */
	};
	rootObject = 18D4608723FF715F00C463EC /* Project object */;
}
